
Microsoft Visual Studio Solution File, Format Version 12.00
# Visual Studio 15
Project("{FAE04EC0-301F-11D3-BF4B-00C04F79EFBC}") = "DivideByZero", "DivideByZero\DivideByZero.csproj", "{61E6B18D-2029-44E8-B6D5-228AAE3F5F85}"
EndProject
Global
	GlobalSection(SolutionConfigurationPlatforms) = preSolution
		Debug|Any CPU = Debug|Any CPU
		Release|Any CPU = Release|Any CPU
	EndGlobalSection
	GlobalSection(ProjectConfigurationPlatforms) = postSolution
		{61E6B18D-2029-44E8-B6D5-228AAE3F5F85}.Debug|Any CPU.ActiveCfg = Debug|Any CPU
		{61E6B18D-2029-44E8-B6D5-228AAE3F5F85}.Debug|Any CPU.Build.0 = Debug|Any CPU
		{61E6B18D-2029-44E8-B6D5-228AAE3F5F85}.Release|Any CPU.ActiveCfg = Release|Any CPU
		{61E6B18D-2029-44E8-B6D5-228AAE3F5F85}.Release|Any CPU.Build.0 = Release|Any CPU
	EndGlobalSection
EndGlobal
