
Microsoft Visual Studio Solution File, Format Version 12.00
# Visual Studio 15
Project("{FAE04EC0-301F-11D3-BF4B-00C04F79EFBC}") = "calculator", "calculator\calculator.csproj", "{03DAA08F-1EC5-41EB-83C1-DDC6A976CFCD}"
EndProject
Global
	GlobalSection(SolutionConfigurationPlatforms) = preSolution
		Debug|Any CPU = Debug|Any CPU
		Release|Any CPU = Release|Any CPU
	EndGlobalSection
	GlobalSection(ProjectConfigurationPlatforms) = postSolution
		{03DAA08F-1EC5-41EB-83C1-DDC6A976CFCD}.Debug|Any CPU.ActiveCfg = Debug|Any CPU
		{03DAA08F-1EC5-41EB-83C1-DDC6A976CFCD}.Debug|Any CPU.Build.0 = Debug|Any CPU
		{03DAA08F-1EC5-41EB-83C1-DDC6A976CFCD}.Release|Any CPU.ActiveCfg = Release|Any CPU
		{03DAA08F-1EC5-41EB-83C1-DDC6A976CFCD}.Release|Any CPU.Build.0 = Release|Any CPU
	EndGlobalSection
EndGlobal
