
Microsoft Visual Studio Solution File, Format Version 12.00
# Visual Studio 15
Project("{FAE04EC0-301F-11D3-BF4B-00C04F79EFBC}") = "getMax", "getMax\getMax.csproj", "{9F3E6D59-D77F-47A9-BDB8-64EA534D24AA}"
EndProject
Global
	GlobalSection(SolutionConfigurationPlatforms) = preSolution
		Debug|Any CPU = Debug|Any CPU
		Release|Any CPU = Release|Any CPU
	EndGlobalSection
	GlobalSection(ProjectConfigurationPlatforms) = postSolution
		{9F3E6D59-D77F-47A9-BDB8-64EA534D24AA}.Debug|Any CPU.ActiveCfg = Debug|Any CPU
		{9F3E6D59-D77F-47A9-BDB8-64EA534D24AA}.Debug|Any CPU.Build.0 = Debug|Any CPU
		{9F3E6D59-D77F-47A9-BDB8-64EA534D24AA}.Release|Any CPU.ActiveCfg = Release|Any CPU
		{9F3E6D59-D77F-47A9-BDB8-64EA534D24AA}.Release|Any CPU.Build.0 = Release|Any CPU
	EndGlobalSection
EndGlobal
