
Microsoft Visual Studio Solution File, Format Version 12.00
# Visual Studio 15
Project("{FAE04EC0-301F-11D3-BF4B-00C04F79EFBC}") = "methodPractice", "methodPractice\methodPractice.csproj", "{607F6623-1123-4026-9263-13E2921B160D}"
EndProject
Global
	GlobalSection(SolutionConfigurationPlatforms) = preSolution
		Debug|Any CPU = Debug|Any CPU
		Release|Any CPU = Release|Any CPU
	EndGlobalSection
	GlobalSection(ProjectConfigurationPlatforms) = postSolution
		{607F6623-1123-4026-9263-13E2921B160D}.Debug|Any CPU.ActiveCfg = Debug|Any CPU
		{607F6623-1123-4026-9263-13E2921B160D}.Debug|Any CPU.Build.0 = Debug|Any CPU
		{607F6623-1123-4026-9263-13E2921B160D}.Release|Any CPU.ActiveCfg = Release|Any CPU
		{607F6623-1123-4026-9263-13E2921B160D}.Release|Any CPU.Build.0 = Release|Any CPU
	EndGlobalSection
EndGlobal
